
Microsoft Visual Studio Solution File, Format Version 12.00
# Visual Studio Version 17
VisualStudioVersion = 17.8.34330.188
MinimumVisualStudioVersion = 10.0.40219.1
Project("{FAE04EC0-301F-11D3-BF4B-00C04F79EFBC}") = "MessagingTool.UI", "MessagingTool.UI\MessagingTool.UI.csproj", "{2F70E347-F5E2-42DD-A245-2095102CB95B}"
EndProject
Project("{FAE04EC0-301F-11D3-BF4B-00C04F79EFBC}") = "MessagingTool.Repository", "MessagingTool.Repository\MessagingTool.Repository.csproj", "{FBFA90BF-413B-4D2C-9A90-2B20E1E91CDC}"
EndProject
Global
	GlobalSection(SolutionConfigurationPlatforms) = preSolution
		Debug|Any CPU = Debug|Any CPU
		Release|Any CPU = Release|Any CPU
	EndGlobalSection
	GlobalSection(ProjectConfigurationPlatforms) = postSolution
		{2F70E347-F5E2-42DD-A245-2095102CB95B}.Debug|Any CPU.ActiveCfg = Debug|Any CPU
		{2F70E347-F5E2-42DD-A245-2095102CB95B}.Debug|Any CPU.Build.0 = Debug|Any CPU
		{2F70E347-F5E2-42DD-A245-2095102CB95B}.Release|Any CPU.ActiveCfg = Release|Any CPU
		{2F70E347-F5E2-42DD-A245-2095102CB95B}.Release|Any CPU.Build.0 = Release|Any CPU
		{FBFA90BF-413B-4D2C-9A90-2B20E1E91CDC}.Debug|Any CPU.ActiveCfg = Debug|Any CPU
		{FBFA90BF-413B-4D2C-9A90-2B20E1E91CDC}.Debug|Any CPU.Build.0 = Debug|Any CPU
		{FBFA90BF-413B-4D2C-9A90-2B20E1E91CDC}.Release|Any CPU.ActiveCfg = Release|Any CPU
		{FBFA90BF-413B-4D2C-9A90-2B20E1E91CDC}.Release|Any CPU.Build.0 = Release|Any CPU
	EndGlobalSection
	GlobalSection(SolutionProperties) = preSolution
		HideSolutionNode = FALSE
	EndGlobalSection
	GlobalSection(ExtensibilityGlobals) = postSolution
		SolutionGuid = {B20EDD30-F72A-4BA3-82D3-F4FDC4A97BBF}
	EndGlobalSection
EndGlobal
